
Microsoft Visual Studio Solution File, Format Version 12.00
# Visual Studio Version 17
VisualStudioVersion = 17.9.34616.47
MinimumVisualStudioVersion = 10.0.40219.1
Project("{FAE04EC0-301F-11D3-BF4B-00C04F79EFBC}") = "linearList", "linearList.csproj", "{4E39BDE4-03D6-430D-87C4-FFA3A9A4BEAF}"
EndProject
Global
	GlobalSection(SolutionConfigurationPlatforms) = preSolution
		Debug|Any CPU = Debug|Any CPU
		Release|Any CPU = Release|Any CPU
	EndGlobalSection
	GlobalSection(ProjectConfigurationPlatforms) = postSolution
		{4E39BDE4-03D6-430D-87C4-FFA3A9A4BEAF}.Debug|Any CPU.ActiveCfg = Debug|Any CPU
		{4E39BDE4-03D6-430D-87C4-FFA3A9A4BEAF}.Debug|Any CPU.Build.0 = Debug|Any CPU
		{4E39BDE4-03D6-430D-87C4-FFA3A9A4BEAF}.Release|Any CPU.ActiveCfg = Release|Any CPU
		{4E39BDE4-03D6-430D-87C4-FFA3A9A4BEAF}.Release|Any CPU.Build.0 = Release|Any CPU
	EndGlobalSection
	GlobalSection(SolutionProperties) = preSolution
		HideSolutionNode = FALSE
	EndGlobalSection
	GlobalSection(ExtensibilityGlobals) = postSolution
		SolutionGuid = {65E599DD-5DA1-4FDF-ACD1-DA57729A3493}
	EndGlobalSection
EndGlobal
